// !$*UTF8*$!
{
	archiveVersion = 1;
	classes = {
	};
	objectVersion = 50;
	objects = {

/* Begin PBXBuildFile section */
		193160B7217F82DF007FAE70 /* AppDelegate.swift in Sources */ = {isa = PBXBuildFile; fileRef = 193160B6217F82DF007FAE70 /* AppDelegate.swift */; };
		193160BC217F82DF007FAE70 /* Main.storyboard in Resources */ = {isa = PBXBuildFile; fileRef = 193160BA217F82DF007FAE70 /* Main.storyboard */; };
		193160BE217F82E1007FAE70 /* Assets.xcassets in Resources */ = {isa = PBXBuildFile; fileRef = 193160BD217F82E1007FAE70 /* Assets.xcassets */; };
		193160C1217F82E1007FAE70 /* LaunchScreen.storyboard in Resources */ = {isa = PBXBuildFile; fileRef = 193160BF217F82E1007FAE70 /* LaunchScreen.storyboard */; };
		193160CB217F8524007FAE70 /* Launch.swift in Sources */ = {isa = PBXBuildFile; fileRef = 193160CA217F8524007FAE70 /* Launch.swift */; };
		193160CF217F893C007FAE70 /* LaunchController.swift in Sources */ = {isa = PBXBuildFile; fileRef = 193160CE217F893C007FAE70 /* LaunchController.swift */; };
		193160D1217F95D7007FAE70 /* LaunchTableViewController.swift in Sources */ = {isa = PBXBuildFile; fileRef = 193160D0217F95D7007FAE70 /* LaunchTableViewController.swift */; };
		193160D3217F9614007FAE70 /* LaunchTableViewCell.swift in Sources */ = {isa = PBXBuildFile; fileRef = 193160D2217F9614007FAE70 /* LaunchTableViewCell.swift */; };
/* End PBXBuildFile section */

/* Begin PBXFileReference section */
		193160B3217F82DF007FAE70 /* SpaceX.app */ = {isa = PBXFileReference; explicitFileType = wrapper.application; includeInIndex = 0; path = SpaceX.app; sourceTree = BUILT_PRODUCTS_DIR; };
		193160B6217F82DF007FAE70 /* AppDelegate.swift */ = {isa = PBXFileReference; lastKnownFileType = sourcecode.swift; path = AppDelegate.swift; sourceTree = "<group>"; };
		193160BB217F82DF007FAE70 /* Base */ = {isa = PBXFileReference; lastKnownFileType = file.storyboard; name = Base; path = Base.lproj/Main.storyboard; sourceTree = "<group>"; };
		193160BD217F82E1007FAE70 /* Assets.xcassets */ = {isa = PBXFileReference; lastKnownFileType = folder.assetcatalog; path = Assets.xcassets; sourceTree = "<group>"; };
		193160C0217F82E1007FAE70 /* Base */ = {isa = PBXFileReference; lastKnownFileType = file.storyboard; name = Base; path = Base.lproj/LaunchScreen.storyboard; sourceTree = "<group>"; };
		193160C2217F82E1007FAE70 /* Info.plist */ = {isa = PBXFileReference; lastKnownFileType = text.plist.xml; path = Info.plist; sourceTree = "<group>"; };
		193160CA217F8524007FAE70 /* Launch.swift */ = {isa = PBXFileReference; lastKnownFileType = sourcecode.swift; path = Launch.swift; sourceTree = "<group>"; };
		193160CE217F893C007FAE70 /* LaunchController.swift */ = {isa = PBXFileReference; lastKnownFileType = sourcecode.swift; path = LaunchController.swift; sourceTree = "<group>"; };
		193160D0217F95D7007FAE70 /* LaunchTableViewController.swift */ = {isa = PBXFileReference; lastKnownFileType = sourcecode.swift; path = LaunchTableViewController.swift; sourceTree = "<group>"; };
		193160D2217F9614007FAE70 /* LaunchTableViewCell.swift */ = {isa = PBXFileReference; lastKnownFileType = sourcecode.swift; path = LaunchTableViewCell.swift; sourceTree = "<group>"; };
/* End PBXFileReference section */

/* Begin PBXFrameworksBuildPhase section */
		193160B0217F82DF007FAE70 /* Frameworks */ = {
			isa = PBXFrameworksBuildPhase;
			buildActionMask = 2147483647;
			files = (
			);
			runOnlyForDeploymentPostprocessing = 0;
		};
/* End PBXFrameworksBuildPhase section */

/* Begin PBXGroup section */
		193160AA217F82DF007FAE70 = {
			isa = PBXGroup;
			children = (
				193160B5217F82DF007FAE70 /* SpaceX */,
				193160B4217F82DF007FAE70 /* Products */,
			);
			sourceTree = "<group>";
		};
		193160B4217F82DF007FAE70 /* Products */ = {
			isa = PBXGroup;
			children = (
				193160B3217F82DF007FAE70 /* SpaceX.app */,
			);
			name = Products;
			sourceTree = "<group>";
		};
		193160B5217F82DF007FAE70 /* SpaceX */ = {
			isa = PBXGroup;
			children = (
				193160C8217F82F1007FAE70 /* Storyboard */,
				193160CC217F852A007FAE70 /* Model */,
				193160CD217F88D8007FAE70 /* ModelController */,
				193160C9217F82FB007FAE70 /* Resources */,
			);
			path = SpaceX;
			sourceTree = "<group>";
		};
		193160C8217F82F1007FAE70 /* Storyboard */ = {
			isa = PBXGroup;
			children = (
				193160BA217F82DF007FAE70 /* Main.storyboard */,
				193160BF217F82E1007FAE70 /* LaunchScreen.storyboard */,
				193160D6217F9632007FAE70 /* View */,
				193160D5217F9623007FAE70 /* ViewController */,
			);
			path = Storyboard;
			sourceTree = "<group>";
		};
		193160C9217F82FB007FAE70 /* Resources */ = {
			isa = PBXGroup;
			children = (
				193160BD217F82E1007FAE70 /* Assets.xcassets */,
				193160B6217F82DF007FAE70 /* AppDelegate.swift */,
				193160C2217F82E1007FAE70 /* Info.plist */,
			);
			path = Resources;
			sourceTree = "<group>";
		};
		193160CC217F852A007FAE70 /* Model */ = {
			isa = PBXGroup;
			children = (
				193160CA217F8524007FAE70 /* Launch.swift */,
			);
			path = Model;
			sourceTree = "<group>";
		};
		193160CD217F88D8007FAE70 /* ModelController */ = {
			isa = PBXGroup;
			children = (
				193160CE217F893C007FAE70 /* LaunchController.swift */,
			);
			path = ModelController;
			sourceTree = "<group>";
		};
		193160D5217F9623007FAE70 /* ViewController */ = {
			isa = PBXGroup;
			children = (
				193160D0217F95D7007FAE70 /* LaunchTableViewController.swift */,
			);
			path = ViewController;
			sourceTree = "<group>";
		};
		193160D6217F9632007FAE70 /* View */ = {
			isa = PBXGroup;
			children = (
				193160D2217F9614007FAE70 /* LaunchTableViewCell.swift */,
			);
			path = View;
			sourceTree = "<group>";
		};
/* End PBXGroup section */

/* Begin PBXNativeTarget section */
		193160B2217F82DF007FAE70 /* SpaceX */ = {
			isa = PBXNativeTarget;
			buildConfigurationList = 193160C5217F82E1007FAE70 /* Build configuration list for PBXNativeTarget "SpaceX" */;
			buildPhases = (
				193160AF217F82DF007FAE70 /* Sources */,
				193160B0217F82DF007FAE70 /* Frameworks */,
				193160B1217F82DF007FAE70 /* Resources */,
			);
			buildRules = (
			);
			dependencies = (
			);
			name = SpaceX;
			productName = SpaceX;
			productReference = 193160B3217F82DF007FAE70 /* SpaceX.app */;
			productType = "com.apple.product-type.application";
		};
/* End PBXNativeTarget section */

/* Begin PBXProject section */
		193160AB217F82DF007FAE70 /* Project object */ = {
			isa = PBXProject;
			attributes = {
				LastSwiftUpdateCheck = 1000;
				LastUpgradeCheck = 1000;
				ORGANIZATIONNAME = "Xavier ios dev";
				TargetAttributes = {
					193160B2217F82DF007FAE70 = {
						CreatedOnToolsVersion = 10.0;
					};
				};
			};
			buildConfigurationList = 193160AE217F82DF007FAE70 /* Build configuration list for PBXProject "SpaceX" */;
			compatibilityVersion = "Xcode 9.3";
			developmentRegion = en;
			hasScannedForEncodings = 0;
			knownRegions = (
				en,
				Base,
			);
			mainGroup = 193160AA217F82DF007FAE70;
			productRefGroup = 193160B4217F82DF007FAE70 /* Products */;
			projectDirPath = "";
			projectRoot = "";
			targets = (
				193160B2217F82DF007FAE70 /* SpaceX */,
			);
		};
/* End PBXProject section */

/* Begin PBXResourcesBuildPhase section */
		193160B1217F82DF007FAE70 /* Resources */ = {
			isa = PBXResourcesBuildPhase;
			buildActionMask = 2147483647;
			files = (
				193160C1217F82E1007FAE70 /* LaunchScreen.storyboard in Resources */,
				193160BE217F82E1007FAE70 /* Assets.xcassets in Resources */,
				193160BC217F82DF007FAE70 /* Main.storyboard in Resources */,
			);
			runOnlyForDeploymentPostprocessing = 0;
		};
/* End PBXResourcesBuildPhase section */

/* Begin PBXSourcesBuildPhase section */
		193160AF217F82DF007FAE70 /* Sources */ = {
			isa = PBXSourcesBuildPhase;
			buildActionMask = 2147483647;
			files = (
				193160D1217F95D7007FAE70 /* LaunchTableViewController.swift in Sources */,
				193160D3217F9614007FAE70 /* LaunchTableViewCell.swift in Sources */,
				193160CB217F8524007FAE70 /* Launch.swift in Sources */,
				193160CF217F893C007FAE70 /* LaunchController.swift in Sources */,
				193160B7217F82DF007FAE70 /* AppDelegate.swift in Sources */,
			);
			runOnlyForDeploymentPostprocessing = 0;
		};
/* End PBXSourcesBuildPhase section */

/* Begin PBXVariantGroup section */
		193160BA217F82DF007FAE70 /* Main.storyboard */ = {
			isa = PBXVariantGroup;
			children = (
				193160BB217F82DF007FAE70 /* Base */,
			);
			name = Main.storyboard;
			sourceTree = "<group>";
		};
		193160BF217F82E1007FAE70 /* LaunchScreen.storyboard */ = {
			isa = PBXVariantGroup;
			children = (
				193160C0217F82E1007FAE70 /* Base */,
			);
			name = LaunchScreen.storyboard;
			sourceTree = "<group>";
		};
/* End PBXVariantGroup section */

/* Begin XCBuildConfiguration section */
		193160C3217F82E1007FAE70 /* Debug */ = {
			isa = XCBuildConfiguration;
			buildSettings = {
				ALWAYS_SEARCH_USER_PATHS = NO;
				CLANG_ANALYZER_NONNULL = YES;
				CLANG_ANALYZER_NUMBER_OBJECT_CONVERSION = YES_AGGRESSIVE;
				CLANG_CXX_LANGUAGE_STANDARD = "gnu++14";
				CLANG_CXX_LIBRARY = "libc++";
				CLANG_ENABLE_MODULES = YES;
				CLANG_ENABLE_OBJC_ARC = YES;
				CLANG_ENABLE_OBJC_WEAK = YES;
				CLANG_WARN_BLOCK_CAPTURE_AUTORELEASING = YES;
				CLANG_WARN_BOOL_CONVERSION = YES;
				CLANG_WARN_COMMA = YES;
				CLANG_WARN_CONSTANT_CONVERSION = YES;
				CLANG_WARN_DEPRECATED_OBJC_IMPLEMENTATIONS = YES;
				CLANG_WARN_DIRECT_OBJC_ISA_USAGE = YES_ERROR;
				CLANG_WARN_DOCUMENTATION_COMMENTS = YES;
				CLANG_WARN_EMPTY_BODY = YES;
				CLANG_WARN_ENUM_CONVERSION = YES;
				CLANG_WARN_INFINITE_RECURSION = YES;
				CLANG_WARN_INT_CONVERSION = YES;
				CLANG_WARN_NON_LITERAL_NULL_CONVERSION = YES;
				CLANG_WARN_OBJC_IMPLICIT_RETAIN_SELF = YES;
				CLANG_WARN_OBJC_LITERAL_CONVERSION = YES;
				CLANG_WARN_OBJC_ROOT_CLASS = YES_ERROR;
				CLANG_WARN_RANGE_LOOP_ANALYSIS = YES;
				CLANG_WARN_STRICT_PROTOTYPES = YES;
				CLANG_WARN_SUSPICIOUS_MOVE = YES;
				CLANG_WARN_UNGUARDED_AVAILABILITY = YES_AGGRESSIVE;
				CLANG_WARN_UNREACHABLE_CODE = YES;
				CLANG_WARN__DUPLICATE_METHOD_MATCH = YES;
				CODE_SIGN_IDENTITY = "iPhone Developer";
				COPY_PHASE_STRIP = NO;
				DEBUG_INFORMATION_FORMAT = dwarf;
				ENABLE_STRICT_OBJC_MSGSEND = YES;
				ENABLE_TESTABILITY = YES;
				GCC_C_LANGUAGE_STANDARD = gnu11;
				GCC_DYNAMIC_NO_PIC = NO;
				GCC_NO_COMMON_BLOCKS = YES;
				GCC_OPTIMIZATION_LEVEL = 0;
				GCC_PREPROCESSOR_DEFINITIONS = (
					"DEBUG=1",
					"$(inherited)",
				);
				GCC_WARN_64_TO_32_BIT_CONVERSION = YES;
				GCC_WARN_ABOUT_RETURN_TYPE = YES_ERROR;
				GCC_WARN_UNDECLARED_SELECTOR = YES;
				GCC_WARN_UNINITIALIZED_AUTOS = YES_AGGRESSIVE;
				GCC_WARN_UNUSED_FUNCTION = YES;
				GCC_WARN_UNUSED_VARIABLE = YES;
				IPHONEOS_DEPLOYMENT_TARGET = 12.0;
				MTL_ENABLE_DEBUG_INFO = INCLUDE_SOURCE;
				MTL_FAST_MATH = YES;
				ONLY_ACTIVE_ARCH = YES;
				SDKROOT = iphoneos;
				SWIFT_ACTIVE_COMPILATION_CONDITIONS = DEBUG;
				SWIFT_OPTIMIZATION_LEVEL = "-Onone";
			};
			name = Debug;
		};
		193160C4217F82E1007FAE70 /* Release */ = {
			isa = XCBuildConfiguration;
			buildSettings = {
				ALWAYS_SEARCH_USER_PATHS = NO;
				CLANG_ANALYZER_NONNULL = YES;
				CLANG_ANALYZER_NUMBER_OBJECT_CONVERSION = YES_AGGRESSIVE;
				CLANG_CXX_LANGUAGE_STANDARD = "gnu++14";
				CLANG_CXX_LIBRARY = "libc++";
				CLANG_ENABLE_MODULES = YES;
				CLANG_ENABLE_OBJC_ARC = YES;
				CLANG_ENABLE_OBJC_WEAK = YES;
				CLANG_WARN_BLOCK_CAPTURE_AUTORELEASING = YES;
				CLANG_WARN_BOOL_CONVERSION = YES;
				CLANG_WARN_COMMA = YES;
				CLANG_WARN_CONSTANT_CONVERSION = YES;
				CLANG_WARN_DEPRECATED_OBJC_IMPLEMENTATIONS = YES;
				CLANG_WARN_DIRECT_OBJC_ISA_USAGE = YES_ERROR;
				CLANG_WARN_DOCUMENTATION_COMMENTS = YES;
				CLANG_WARN_EMPTY_BODY = YES;
				CLANG_WARN_ENUM_CONVERSION = YES;
				CLANG_WARN_INFINITE_RECURSION = YES;
				CLANG_WARN_INT_CONVERSION = YES;
				CLANG_WARN_NON_LITERAL_NULL_CONVERSION = YES;
				CLANG_WARN_OBJC_IMPLICIT_RETAIN_SELF = YES;
				CLANG_WARN_OBJC_LITERAL_CONVERSION = YES;
				CLANG_WARN_OBJC_ROOT_CLASS = YES_ERROR;
				CLANG_WARN_RANGE_LOOP_ANALYSIS = YES;
				CLANG_WARN_STRICT_PROTOTYPES = YES;
				CLANG_WARN_SUSPICIOUS_MOVE = YES;
				CLANG_WARN_UNGUARDED_AVAILABILITY = YES_AGGRESSIVE;
				CLANG_WARN_UNREACHABLE_CODE = YES;
				CLANG_WARN__DUPLICATE_METHOD_MATCH = YES;
				CODE_SIGN_IDENTITY = "iPhone Developer";
				COPY_PHASE_STRIP = NO;
				DEBUG_INFORMATION_FORMAT = "dwarf-with-dsym";
				ENABLE_NS_ASSERTIONS = NO;
				ENABLE_STRICT_OBJC_MSGSEND = YES;
				GCC_C_LANGUAGE_STANDARD = gnu11;
				GCC_NO_COMMON_BLOCKS = YES;
				GCC_WARN_64_TO_32_BIT_CONVERSION = YES;
				GCC_WARN_ABOUT_RETURN_TYPE = YES_ERROR;
				GCC_WARN_UNDECLARED_SELECTOR = YES;
				GCC_WARN_UNINITIALIZED_AUTOS = YES_AGGRESSIVE;
				GCC_WARN_UNUSED_FUNCTION = YES;
				GCC_WARN_UNUSED_VARIABLE = YES;
				IPHONEOS_DEPLOYMENT_TARGET = 12.0;
				MTL_ENABLE_DEBUG_INFO = NO;
				MTL_FAST_MATH = YES;
				SDKROOT = iphoneos;
				SWIFT_COMPILATION_MODE = wholemodule;
				SWIFT_OPTIMIZATION_LEVEL = "-O";
				VALIDATE_PRODUCT = YES;
			};
			name = Release;
		};
		193160C6217F82E1007FAE70 /* Debug */ = {
			isa = XCBuildConfiguration;
			buildSettings = {
				ASSETCATALOG_COMPILER_APPICON_NAME = AppIcon;
				CODE_SIGN_STYLE = Automatic;
				DEVELOPMENT_TEAM = 57CQ48CJGQ;
				INFOPLIST_FILE = "$(SRCROOT)/SpaceX/Resources/Info.plist";
				LD_RUNPATH_SEARCH_PATHS = (
					"$(inherited)",
					"@executable_path/Frameworks",
				);
				PRODUCT_BUNDLE_IDENTIFIER = COM.Xavierwatts.SpaceX;
				PRODUCT_NAME = "$(TARGET_NAME)";
				SWIFT_VERSION = 4.2;
				TARGETED_DEVICE_FAMILY = "1,2";
			};
			name = Debug;
		};
		193160C7217F82E1007FAE70 /* Release */ = {
			isa = XCBuildConfiguration;
			buildSettings = {
				ASSETCATALOG_COMPILER_APPICON_NAME = AppIcon;
				CODE_SIGN_STYLE = Automatic;
				DEVELOPMENT_TEAM = 57CQ48CJGQ;
				INFOPLIST_FILE = "$(SRCROOT)/SpaceX/Resources/Info.plist";
				LD_RUNPATH_SEARCH_PATHS = (
					"$(inherited)",
					"@executable_path/Frameworks",
				);
				PRODUCT_BUNDLE_IDENTIFIER = COM.Xavierwatts.SpaceX;
				PRODUCT_NAME = "$(TARGET_NAME)";
				SWIFT_VERSION = 4.2;
				TARGETED_DEVICE_FAMILY = "1,2";
			};
			name = Release;
		};
/* End XCBuildConfiguration section */

/* Begin XCConfigurationList section */
		193160AE217F82DF007FAE70 /* Build configuration list for PBXProject "SpaceX" */ = {
			isa = XCConfigurationList;
			buildConfigurations = (
				193160C3217F82E1007FAE70 /* Debug */,
				193160C4217F82E1007FAE70 /* Release */,
			);
			defaultConfigurationIsVisible = 0;
			defaultConfigurationName = Release;
		};
		193160C5217F82E1007FAE70 /* Build configuration list for PBXNativeTarget "SpaceX" */ = {
			isa = XCConfigurationList;
			buildConfigurations = (
				193160C6217F82E1007FAE70 /* Debug */,
				193160C7217F82E1007FAE70 /* Release */,
			);
			defaultConfigurationIsVisible = 0;
			defaultConfigurationName = Release;
		};
/* End XCConfigurationList section */
	};
	rootObject = 193160AB217F82DF007FAE70 /* Project object */;
}
